// !$*UTF8*$!
{
	archiveVersion = 1;
	classes = {
	};
	objectVersion = 46;
	objects = {

/* Begin PBXBuildFile section */
		9E8798741AB49F87008658AB /* main.m in Sources */ = {isa = PBXBuildFile; fileRef = 9E8798731AB49F87008658AB /* main.m */; };
		9E8798771AB49F87008658AB /* AppDelegate.m in Sources */ = {isa = PBXBuildFile; fileRef = 9E8798761AB49F87008658AB /* AppDelegate.m */; };
		9E8798801AB49F87008658AB /* Main.storyboard in Resources */ = {isa = PBXBuildFile; fileRef = 9E87987E1AB49F87008658AB /* Main.storyboard */; };
		9E8798821AB49F87008658AB /* Images.xcassets in Resources */ = {isa = PBXBuildFile; fileRef = 9E8798811AB49F87008658AB /* Images.xcassets */; };
		9E8798851AB49F87008658AB /* LaunchScreen.xib in Resources */ = {isa = PBXBuildFile; fileRef = 9E8798831AB49F87008658AB /* LaunchScreen.xib */; };
		9E8798911AB49F87008658AB /* GuessTheWordTests.m in Sources */ = {isa = PBXBuildFile; fileRef = 9E8798901AB49F87008658AB /* GuessTheWordTests.m */; };
		9E87989F1AB4A4F0008658AB /* MenuViewController.m in Sources */ = {isa = PBXBuildFile; fileRef = 9E87989E1AB4A4F0008658AB /* MenuViewController.m */; };
		9E8798A31AB4A548008658AB /* Model.xcdatamodeld in Sources */ = {isa = PBXBuildFile; fileRef = 9E8798A11AB4A548008658AB /* Model.xcdatamodeld */; };
		9E8798AC1AB4A95F008658AB /* EditDeckViewController.m in Sources */ = {isa = PBXBuildFile; fileRef = 9E8798AB1AB4A95F008658AB /* EditDeckViewController.m */; };
		9E8798AF1AB4ACD5008658AB /* Deck+Info.m in Sources */ = {isa = PBXBuildFile; fileRef = 9E8798AE1AB4ACD5008658AB /* Deck+Info.m */; };
		9E8798B21AB4AE4B008658AB /* Deck.m in Sources */ = {isa = PBXBuildFile; fileRef = 9E8798B11AB4AE4B008658AB /* Deck.m */; };
		9E8798B51AB4AE4C008658AB /* Card.m in Sources */ = {isa = PBXBuildFile; fileRef = 9E8798B41AB4AE4C008658AB /* Card.m */; };
		9E8798D21AB4B19D008658AB /* ALAssetsLibrary+CustomPhotoAlbum.m in Sources */ = {isa = PBXBuildFile; fileRef = 9E8798B91AB4B19D008658AB /* ALAssetsLibrary+CustomPhotoAlbum.m */; settings = {COMPILER_FLAGS = "-fno-objc-arc"; }; };
		9E8798D31AB4B19D008658AB /* NSObject+MKBlockAdditions.m in Sources */ = {isa = PBXBuildFile; fileRef = 9E8798BD1AB4B19D008658AB /* NSObject+MKBlockAdditions.m */; settings = {COMPILER_FLAGS = "-fno-objc-arc"; }; };
		9E8798D41AB4B19D008658AB /* UIActionSheet+MKBlockAdditions.m in Sources */ = {isa = PBXBuildFile; fileRef = 9E8798BF1AB4B19D008658AB /* UIActionSheet+MKBlockAdditions.m */; settings = {COMPILER_FLAGS = "-fno-objc-arc"; }; };
		9E8798D51AB4B19D008658AB /* UIAlertView+MKBlockAdditions.m in Sources */ = {isa = PBXBuildFile; fileRef = 9E8798C11AB4B19D008658AB /* UIAlertView+MKBlockAdditions.m */; settings = {COMPILER_FLAGS = "-fno-objc-arc"; }; };
		9E8798D61AB4B19D008658AB /* NSManagedObject+Entity.m in Sources */ = {isa = PBXBuildFile; fileRef = 9E8798C31AB4B19D008658AB /* NSManagedObject+Entity.m */; };
		9E8798D71AB4B19D008658AB /* NSManagedObject+Query.m in Sources */ = {isa = PBXBuildFile; fileRef = 9E8798C51AB4B19D008658AB /* NSManagedObject+Query.m */; };
		9E8798D81AB4B19D008658AB /* NSObject+Notify.m in Sources */ = {isa = PBXBuildFile; fileRef = 9E8798C71AB4B19D008658AB /* NSObject+Notify.m */; };
		9E8798D91AB4B19D008658AB /* Query.m in Sources */ = {isa = PBXBuildFile; fileRef = 9E8798C91AB4B19D008658AB /* Query.m */; };
		9E8798DA1AB4B19D008658AB /* UIImage+Alpha.m in Sources */ = {isa = PBXBuildFile; fileRef = 9E8798CB1AB4B19D008658AB /* UIImage+Alpha.m */; settings = {COMPILER_FLAGS = "-fno-objc-arc"; }; };
		9E8798DB1AB4B19D008658AB /* UIImage+Resize.m in Sources */ = {isa = PBXBuildFile; fileRef = 9E8798CD1AB4B19D008658AB /* UIImage+Resize.m */; settings = {COMPILER_FLAGS = "-fno-objc-arc"; }; };
		9E8798DC1AB4B19D008658AB /* UIImage+RoundedCorner.m in Sources */ = {isa = PBXBuildFile; fileRef = 9E8798CF1AB4B19D008658AB /* UIImage+RoundedCorner.m */; settings = {COMPILER_FLAGS = "-fno-objc-arc"; }; };
		9E8798DD1AB4B19D008658AB /* Util.m in Sources */ = {isa = PBXBuildFile; fileRef = 9E8798D11AB4B19D008658AB /* Util.m */; };
		9E8798E41AB4BA60008658AB /* RootSplitViewController.m in Sources */ = {isa = PBXBuildFile; fileRef = 9E8798E31AB4BA60008658AB /* RootSplitViewController.m */; };
		9E890D691AB4C5A4002F3AD5 /* PlayViewController.m in Sources */ = {isa = PBXBuildFile; fileRef = 9E890D681AB4C5A4002F3AD5 /* PlayViewController.m */; };
/* End PBXBuildFile section */

/* Begin PBXContainerItemProxy section */
		9E87988B1AB49F87008658AB /* PBXContainerItemProxy */ = {
			isa = PBXContainerItemProxy;
			containerPortal = 9E8798661AB49F87008658AB /* Project object */;
			proxyType = 1;
			remoteGlobalIDString = 9E87986D1AB49F87008658AB;
			remoteInfo = GuessTheWord;
		};
/* End PBXContainerItemProxy section */

/* Begin PBXFileReference section */
		9E87986E1AB49F87008658AB /* GuessTheWord.app */ = {isa = PBXFileReference; explicitFileType = wrapper.application; includeInIndex = 0; path = GuessTheWord.app; sourceTree = BUILT_PRODUCTS_DIR; };
		9E8798721AB49F87008658AB /* Info.plist */ = {isa = PBXFileReference; lastKnownFileType = text.plist.xml; path = Info.plist; sourceTree = "<group>"; };
		9E8798731AB49F87008658AB /* main.m */ = {isa = PBXFileReference; lastKnownFileType = sourcecode.c.objc; path = main.m; sourceTree = "<group>"; };
		9E8798751AB49F87008658AB /* AppDelegate.h */ = {isa = PBXFileReference; lastKnownFileType = sourcecode.c.h; path = AppDelegate.h; sourceTree = "<group>"; };
		9E8798761AB49F87008658AB /* AppDelegate.m */ = {isa = PBXFileReference; lastKnownFileType = sourcecode.c.objc; path = AppDelegate.m; sourceTree = "<group>"; };
		9E87987F1AB49F87008658AB /* Base */ = {isa = PBXFileReference; lastKnownFileType = file.storyboard; name = Base; path = Base.lproj/Main.storyboard; sourceTree = "<group>"; };
		9E8798811AB49F87008658AB /* Images.xcassets */ = {isa = PBXFileReference; lastKnownFileType = folder.assetcatalog; path = Images.xcassets; sourceTree = "<group>"; };
		9E8798841AB49F87008658AB /* Base */ = {isa = PBXFileReference; lastKnownFileType = file.xib; name = Base; path = Base.lproj/LaunchScreen.xib; sourceTree = "<group>"; };
		9E87988A1AB49F87008658AB /* GuessTheWordTests.xctest */ = {isa = PBXFileReference; explicitFileType = wrapper.cfbundle; includeInIndex = 0; path = GuessTheWordTests.xctest; sourceTree = BUILT_PRODUCTS_DIR; };
		9E87988F1AB49F87008658AB /* Info.plist */ = {isa = PBXFileReference; lastKnownFileType = text.plist.xml; path = Info.plist; sourceTree = "<group>"; };
		9E8798901AB49F87008658AB /* GuessTheWordTests.m */ = {isa = PBXFileReference; lastKnownFileType = sourcecode.c.objc; path = GuessTheWordTests.m; sourceTree = "<group>"; };
		9E87989D1AB4A4F0008658AB /* MenuViewController.h */ = {isa = PBXFileReference; fileEncoding = 4; lastKnownFileType = sourcecode.c.h; path = MenuViewController.h; sourceTree = "<group>"; };
		9E87989E1AB4A4F0008658AB /* MenuViewController.m */ = {isa = PBXFileReference; fileEncoding = 4; lastKnownFileType = sourcecode.c.objc; path = MenuViewController.m; sourceTree = "<group>"; };
		9E8798A21AB4A548008658AB /* Model.xcdatamodel */ = {isa = PBXFileReference; lastKnownFileType = wrapper.xcdatamodel; path = Model.xcdatamodel; sourceTree = "<group>"; };
		9E8798AA1AB4A95F008658AB /* EditDeckViewController.h */ = {isa = PBXFileReference; fileEncoding = 4; lastKnownFileType = sourcecode.c.h; path = EditDeckViewController.h; sourceTree = "<group>"; };
		9E8798AB1AB4A95F008658AB /* EditDeckViewController.m */ = {isa = PBXFileReference; fileEncoding = 4; lastKnownFileType = sourcecode.c.objc; path = EditDeckViewController.m; sourceTree = "<group>"; };
		9E8798AD1AB4ACD5008658AB /* Deck+Info.h */ = {isa = PBXFileReference; fileEncoding = 4; lastKnownFileType = sourcecode.c.h; path = "Deck+Info.h"; sourceTree = "<group>"; };
		9E8798AE1AB4ACD5008658AB /* Deck+Info.m */ = {isa = PBXFileReference; fileEncoding = 4; lastKnownFileType = sourcecode.c.objc; path = "Deck+Info.m"; sourceTree = "<group>"; };
		9E8798B01AB4AE4B008658AB /* Deck.h */ = {isa = PBXFileReference; fileEncoding = 4; lastKnownFileType = sourcecode.c.h; path = Deck.h; sourceTree = "<group>"; };
		9E8798B11AB4AE4B008658AB /* Deck.m */ = {isa = PBXFileReference; fileEncoding = 4; lastKnownFileType = sourcecode.c.objc; path = Deck.m; sourceTree = "<group>"; };
		9E8798B31AB4AE4C008658AB /* Card.h */ = {isa = PBXFileReference; fileEncoding = 4; lastKnownFileType = sourcecode.c.h; path = Card.h; sourceTree = "<group>"; };
		9E8798B41AB4AE4C008658AB /* Card.m */ = {isa = PBXFileReference; fileEncoding = 4; lastKnownFileType = sourcecode.c.objc; path = Card.m; sourceTree = "<group>"; };
		9E8798B81AB4B19D008658AB /* ALAssetsLibrary+CustomPhotoAlbum.h */ = {isa = PBXFileReference; fileEncoding = 4; lastKnownFileType = sourcecode.c.h; path = "ALAssetsLibrary+CustomPhotoAlbum.h"; sourceTree = "<group>"; };
		9E8798B91AB4B19D008658AB /* ALAssetsLibrary+CustomPhotoAlbum.m */ = {isa = PBXFileReference; fileEncoding = 4; lastKnownFileType = sourcecode.c.objc; path = "ALAssetsLibrary+CustomPhotoAlbum.m"; sourceTree = "<group>"; };
		9E8798BB1AB4B19D008658AB /* MKBlockAdditions.h */ = {isa = PBXFileReference; fileEncoding = 4; lastKnownFileType = sourcecode.c.h; path = MKBlockAdditions.h; sourceTree = "<group>"; };
		9E8798BC1AB4B19D008658AB /* NSObject+MKBlockAdditions.h */ = {isa = PBXFileReference; fileEncoding = 4; lastKnownFileType = sourcecode.c.h; path = "NSObject+MKBlockAdditions.h"; sourceTree = "<group>"; };
		9E8798BD1AB4B19D008658AB /* NSObject+MKBlockAdditions.m */ = {isa = PBXFileReference; fileEncoding = 4; lastKnownFileType = sourcecode.c.objc; path = "NSObject+MKBlockAdditions.m"; sourceTree = "<group>"; };
		9E8798BE1AB4B19D008658AB /* UIActionSheet+MKBlockAdditions.h */ = {isa = PBXFileReference; fileEncoding = 4; lastKnownFileType = sourcecode.c.h; path = "UIActionSheet+MKBlockAdditions.h"; sourceTree = "<group>"; };
		9E8798BF1AB4B19D008658AB /* UIActionSheet+MKBlockAdditions.m */ = {isa = PBXFileReference; fileEncoding = 4; lastKnownFileType = sourcecode.c.objc; path = "UIActionSheet+MKBlockAdditions.m"; sourceTree = "<group>"; };
		9E8798C01AB4B19D008658AB /* UIAlertView+MKBlockAdditions.h */ = {isa = PBXFileReference; fileEncoding = 4; lastKnownFileType = sourcecode.c.h; path = "UIAlertView+MKBlockAdditions.h"; sourceTree = "<group>"; };
		9E8798C11AB4B19D008658AB /* UIAlertView+MKBlockAdditions.m */ = {isa = PBXFileReference; fileEncoding = 4; lastKnownFileType = sourcecode.c.objc; path = "UIAlertView+MKBlockAdditions.m"; sourceTree = "<group>"; };
		9E8798C21AB4B19D008658AB /* NSManagedObject+Entity.h */ = {isa = PBXFileReference; fileEncoding = 4; lastKnownFileType = sourcecode.c.h; path = "NSManagedObject+Entity.h"; sourceTree = "<group>"; };
		9E8798C31AB4B19D008658AB /* NSManagedObject+Entity.m */ = {isa = PBXFileReference; fileEncoding = 4; lastKnownFileType = sourcecode.c.objc; path = "NSManagedObject+Entity.m"; sourceTree = "<group>"; };
		9E8798C41AB4B19D008658AB /* NSManagedObject+Query.h */ = {isa = PBXFileReference; fileEncoding = 4; lastKnownFileType = sourcecode.c.h; path = "NSManagedObject+Query.h"; sourceTree = "<group>"; };
		9E8798C51AB4B19D008658AB /* NSManagedObject+Query.m */ = {isa = PBXFileReference; fileEncoding = 4; lastKnownFileType = sourcecode.c.objc; path = "NSManagedObject+Query.m"; sourceTree = "<group>"; };
		9E8798C61AB4B19D008658AB /* NSObject+Notify.h */ = {isa = PBXFileReference; fileEncoding = 4; lastKnownFileType = sourcecode.c.h; path = "NSObject+Notify.h"; sourceTree = "<group>"; };
		9E8798C71AB4B19D008658AB /* NSObject+Notify.m */ = {isa = PBXFileReference; fileEncoding = 4; lastKnownFileType = sourcecode.c.objc; path = "NSObject+Notify.m"; sourceTree = "<group>"; };
		9E8798C81AB4B19D008658AB /* Query.h */ = {isa = PBXFileReference; fileEncoding = 4; lastKnownFileType = sourcecode.c.h; path = Query.h; sourceTree = "<group>"; };
		9E8798C91AB4B19D008658AB /* Query.m */ = {isa = PBXFileReference; fileEncoding = 4; lastKnownFileType = sourcecode.c.objc; path = Query.m; sourceTree = "<group>"; };
		9E8798CA1AB4B19D008658AB /* UIImage+Alpha.h */ = {isa = PBXFileReference; fileEncoding = 4; lastKnownFileType = sourcecode.c.h; path = "UIImage+Alpha.h"; sourceTree = "<group>"; };
		9E8798CB1AB4B19D008658AB /* UIImage+Alpha.m */ = {isa = PBXFileReference; fileEncoding = 4; lastKnownFileType = sourcecode.c.objc; path = "UIImage+Alpha.m"; sourceTree = "<group>"; };
		9E8798CC1AB4B19D008658AB /* UIImage+Resize.h */ = {isa = PBXFileReference; fileEncoding = 4; lastKnownFileType = sourcecode.c.h; path = "UIImage+Resize.h"; sourceTree = "<group>"; };
		9E8798CD1AB4B19D008658AB /* UIImage+Resize.m */ = {isa = PBXFileReference; fileEncoding = 4; lastKnownFileType = sourcecode.c.objc; path = "UIImage+Resize.m"; sourceTree = "<group>"; };
		9E8798CE1AB4B19D008658AB /* UIImage+RoundedCorner.h */ = {isa = PBXFileReference; fileEncoding = 4; lastKnownFileType = sourcecode.c.h; path = "UIImage+RoundedCorner.h"; sourceTree = "<group>"; };
		9E8798CF1AB4B19D008658AB /* UIImage+RoundedCorner.m */ = {isa = PBXFileReference; fileEncoding = 4; lastKnownFileType = sourcecode.c.objc; path = "UIImage+RoundedCorner.m"; sourceTree = "<group>"; };
		9E8798D01AB4B19D008658AB /* Util.h */ = {isa = PBXFileReference; fileEncoding = 4; lastKnownFileType = sourcecode.c.h; path = Util.h; sourceTree = "<group>"; };
		9E8798D11AB4B19D008658AB /* Util.m */ = {isa = PBXFileReference; fileEncoding = 4; lastKnownFileType = sourcecode.c.objc; path = Util.m; sourceTree = "<group>"; };
		9E8798DE1AB4B1FC008658AB /* PrefixHeader.pch */ = {isa = PBXFileReference; lastKnownFileType = sourcecode.c.h; path = PrefixHeader.pch; sourceTree = "<group>"; };
		9E8798E21AB4BA60008658AB /* RootSplitViewController.h */ = {isa = PBXFileReference; fileEncoding = 4; lastKnownFileType = sourcecode.c.h; path = RootSplitViewController.h; sourceTree = "<group>"; };
		9E8798E31AB4BA60008658AB /* RootSplitViewController.m */ = {isa = PBXFileReference; fileEncoding = 4; lastKnownFileType = sourcecode.c.objc; path = RootSplitViewController.m; sourceTree = "<group>"; };
		9E890D671AB4C5A4002F3AD5 /* PlayViewController.h */ = {isa = PBXFileReference; fileEncoding = 4; lastKnownFileType = sourcecode.c.h; path = PlayViewController.h; sourceTree = "<group>"; };
		9E890D681AB4C5A4002F3AD5 /* PlayViewController.m */ = {isa = PBXFileReference; fileEncoding = 4; lastKnownFileType = sourcecode.c.objc; path = PlayViewController.m; sourceTree = "<group>"; };
/* End PBXFileReference section */

/* Begin PBXFrameworksBuildPhase section */
		9E87986B1AB49F87008658AB /* Frameworks */ = {
			isa = PBXFrameworksBuildPhase;
			buildActionMask = 2147483647;
			files = (
			);
			runOnlyForDeploymentPostprocessing = 0;
		};
		9E8798871AB49F87008658AB /* Frameworks */ = {
			isa = PBXFrameworksBuildPhase;
			buildActionMask = 2147483647;
			files = (
			);
			runOnlyForDeploymentPostprocessing = 0;
		};
/* End PBXFrameworksBuildPhase section */

/* Begin PBXGroup section */
		9E8798651AB49F87008658AB = {
			isa = PBXGroup;
			children = (
				9E8798701AB49F87008658AB /* GuessTheWord */,
				9E87988D1AB49F87008658AB /* GuessTheWordTests */,
				9E87986F1AB49F87008658AB /* Products */,
			);
			sourceTree = "<group>";
		};
		9E87986F1AB49F87008658AB /* Products */ = {
			isa = PBXGroup;
			children = (
				9E87986E1AB49F87008658AB /* GuessTheWord.app */,
				9E87988A1AB49F87008658AB /* GuessTheWordTests.xctest */,
			);
			name = Products;
			sourceTree = "<group>";
		};
		9E8798701AB49F87008658AB /* GuessTheWord */ = {
			isa = PBXGroup;
			children = (
				9E8798B71AB4B19D008658AB /* Utils */,
				9E8798A01AB4A538008658AB /* Core Data */,
				9E8798751AB49F87008658AB /* AppDelegate.h */,
				9E8798761AB49F87008658AB /* AppDelegate.m */,
				9E87987E1AB49F87008658AB /* Main.storyboard */,
				9E8798E21AB4BA60008658AB /* RootSplitViewController.h */,
				9E8798E31AB4BA60008658AB /* RootSplitViewController.m */,
				9E87989D1AB4A4F0008658AB /* MenuViewController.h */,
				9E87989E1AB4A4F0008658AB /* MenuViewController.m */,
				9E8798AA1AB4A95F008658AB /* EditDeckViewController.h */,
				9E8798AB1AB4A95F008658AB /* EditDeckViewController.m */,
				9E890D671AB4C5A4002F3AD5 /* PlayViewController.h */,
				9E890D681AB4C5A4002F3AD5 /* PlayViewController.m */,
				9E8798811AB49F87008658AB /* Images.xcassets */,
				9E8798831AB49F87008658AB /* LaunchScreen.xib */,
				9E8798711AB49F87008658AB /* Supporting Files */,
			);
			path = GuessTheWord;
			sourceTree = "<group>";
		};
		9E8798711AB49F87008658AB /* Supporting Files */ = {
			isa = PBXGroup;
			children = (
				9E8798721AB49F87008658AB /* Info.plist */,
				9E8798731AB49F87008658AB /* main.m */,
				9E8798DE1AB4B1FC008658AB /* PrefixHeader.pch */,
			);
			name = "Supporting Files";
			sourceTree = "<group>";
		};
		9E87988D1AB49F87008658AB /* GuessTheWordTests */ = {
			isa = PBXGroup;
			children = (
				9E8798901AB49F87008658AB /* GuessTheWordTests.m */,
				9E87988E1AB49F87008658AB /* Supporting Files */,
			);
			path = GuessTheWordTests;
			sourceTree = "<group>";
		};
		9E87988E1AB49F87008658AB /* Supporting Files */ = {
			isa = PBXGroup;
			children = (
				9E87988F1AB49F87008658AB /* Info.plist */,
			);
			name = "Supporting Files";
			sourceTree = "<group>";
		};
		9E8798A01AB4A538008658AB /* Core Data */ = {
			isa = PBXGroup;
			children = (
				9E8798A11AB4A548008658AB /* Model.xcdatamodeld */,
				9E8798B31AB4AE4C008658AB /* Card.h */,
				9E8798B41AB4AE4C008658AB /* Card.m */,
				9E8798B01AB4AE4B008658AB /* Deck.h */,
				9E8798B11AB4AE4B008658AB /* Deck.m */,
				9E8798AD1AB4ACD5008658AB /* Deck+Info.h */,
				9E8798AE1AB4ACD5008658AB /* Deck+Info.m */,
			);
			name = "Core Data";
			sourceTree = "<group>";
		};
		9E8798B71AB4B19D008658AB /* Utils */ = {
			isa = PBXGroup;
			children = (
				9E8798B81AB4B19D008658AB /* ALAssetsLibrary+CustomPhotoAlbum.h */,
				9E8798B91AB4B19D008658AB /* ALAssetsLibrary+CustomPhotoAlbum.m */,
				9E8798BA1AB4B19D008658AB /* MKAdditions */,
				9E8798C21AB4B19D008658AB /* NSManagedObject+Entity.h */,
				9E8798C31AB4B19D008658AB /* NSManagedObject+Entity.m */,
				9E8798C41AB4B19D008658AB /* NSManagedObject+Query.h */,
				9E8798C51AB4B19D008658AB /* NSManagedObject+Query.m */,
				9E8798C61AB4B19D008658AB /* NSObject+Notify.h */,
				9E8798C71AB4B19D008658AB /* NSObject+Notify.m */,
				9E8798C81AB4B19D008658AB /* Query.h */,
				9E8798C91AB4B19D008658AB /* Query.m */,
				9E8798CA1AB4B19D008658AB /* UIImage+Alpha.h */,
				9E8798CB1AB4B19D008658AB /* UIImage+Alpha.m */,
				9E8798CC1AB4B19D008658AB /* UIImage+Resize.h */,
				9E8798CD1AB4B19D008658AB /* UIImage+Resize.m */,
				9E8798CE1AB4B19D008658AB /* UIImage+RoundedCorner.h */,
				9E8798CF1AB4B19D008658AB /* UIImage+RoundedCorner.m */,
				9E8798D01AB4B19D008658AB /* Util.h */,
				9E8798D11AB4B19D008658AB /* Util.m */,
			);
			path = Utils;
			sourceTree = "<group>";
		};
		9E8798BA1AB4B19D008658AB /* MKAdditions */ = {
			isa = PBXGroup;
			children = (
				9E8798BB1AB4B19D008658AB /* MKBlockAdditions.h */,
				9E8798BC1AB4B19D008658AB /* NSObject+MKBlockAdditions.h */,
				9E8798BD1AB4B19D008658AB /* NSObject+MKBlockAdditions.m */,
				9E8798BE1AB4B19D008658AB /* UIActionSheet+MKBlockAdditions.h */,
				9E8798BF1AB4B19D008658AB /* UIActionSheet+MKBlockAdditions.m */,
				9E8798C01AB4B19D008658AB /* UIAlertView+MKBlockAdditions.h */,
				9E8798C11AB4B19D008658AB /* UIAlertView+MKBlockAdditions.m */,
			);
			path = MKAdditions;
			sourceTree = "<group>";
		};
/* End PBXGroup section */

/* Begin PBXNativeTarget section */
		9E87986D1AB49F87008658AB /* GuessTheWord */ = {
			isa = PBXNativeTarget;
			buildConfigurationList = 9E8798941AB49F87008658AB /* Build configuration list for PBXNativeTarget "GuessTheWord" */;
			buildPhases = (
				9E87986A1AB49F87008658AB /* Sources */,
				9E87986B1AB49F87008658AB /* Frameworks */,
				9E87986C1AB49F87008658AB /* Resources */,
			);
			buildRules = (
			);
			dependencies = (
			);
			name = GuessTheWord;
			productName = GuessTheWord;
			productReference = 9E87986E1AB49F87008658AB /* GuessTheWord.app */;
			productType = "com.apple.product-type.application";
		};
		9E8798891AB49F87008658AB /* GuessTheWordTests */ = {
			isa = PBXNativeTarget;
			buildConfigurationList = 9E8798971AB49F87008658AB /* Build configuration list for PBXNativeTarget "GuessTheWordTests" */;
			buildPhases = (
				9E8798861AB49F87008658AB /* Sources */,
				9E8798871AB49F87008658AB /* Frameworks */,
				9E8798881AB49F87008658AB /* Resources */,
			);
			buildRules = (
			);
			dependencies = (
				9E87988C1AB49F87008658AB /* PBXTargetDependency */,
			);
			name = GuessTheWordTests;
			productName = GuessTheWordTests;
			productReference = 9E87988A1AB49F87008658AB /* GuessTheWordTests.xctest */;
			productType = "com.apple.product-type.bundle.unit-test";
		};
/* End PBXNativeTarget section */

/* Begin PBXProject section */
		9E8798661AB49F87008658AB /* Project object */ = {
			isa = PBXProject;
			attributes = {
				LastUpgradeCheck = 0610;
				ORGANIZATIONNAME = "Bobby Ren Tech";
				TargetAttributes = {
					9E87986D1AB49F87008658AB = {
						CreatedOnToolsVersion = 6.1.1;
					};
					9E8798891AB49F87008658AB = {
						CreatedOnToolsVersion = 6.1.1;
						TestTargetID = 9E87986D1AB49F87008658AB;
					};
				};
			};
			buildConfigurationList = 9E8798691AB49F87008658AB /* Build configuration list for PBXProject "GuessTheWord" */;
			compatibilityVersion = "Xcode 3.2";
			developmentRegion = English;
			hasScannedForEncodings = 0;
			knownRegions = (
				en,
				Base,
			);
			mainGroup = 9E8798651AB49F87008658AB;
			productRefGroup = 9E87986F1AB49F87008658AB /* Products */;
			projectDirPath = "";
			projectRoot = "";
			targets = (
				9E87986D1AB49F87008658AB /* GuessTheWord */,
				9E8798891AB49F87008658AB /* GuessTheWordTests */,
			);
		};
/* End PBXProject section */

/* Begin PBXResourcesBuildPhase section */
		9E87986C1AB49F87008658AB /* Resources */ = {
			isa = PBXResourcesBuildPhase;
			buildActionMask = 2147483647;
			files = (
				9E8798801AB49F87008658AB /* Main.storyboard in Resources */,
				9E8798851AB49F87008658AB /* LaunchScreen.xib in Resources */,
				9E8798821AB49F87008658AB /* Images.xcassets in Resources */,
			);
			runOnlyForDeploymentPostprocessing = 0;
		};
		9E8798881AB49F87008658AB /* Resources */ = {
			isa = PBXResourcesBuildPhase;
			buildActionMask = 2147483647;
			files = (
			);
			runOnlyForDeploymentPostprocessing = 0;
		};
/* End PBXResourcesBuildPhase section */

/* Begin PBXSourcesBuildPhase section */
		9E87986A1AB49F87008658AB /* Sources */ = {
			isa = PBXSourcesBuildPhase;
			buildActionMask = 2147483647;
			files = (
				9E8798D91AB4B19D008658AB /* Query.m in Sources */,
				9E8798D51AB4B19D008658AB /* UIAlertView+MKBlockAdditions.m in Sources */,
				9E8798D41AB4B19D008658AB /* UIActionSheet+MKBlockAdditions.m in Sources */,
				9E8798771AB49F87008658AB /* AppDelegate.m in Sources */,
				9E8798D21AB4B19D008658AB /* ALAssetsLibrary+CustomPhotoAlbum.m in Sources */,
				9E8798D81AB4B19D008658AB /* NSObject+Notify.m in Sources */,
				9E8798D61AB4B19D008658AB /* NSManagedObject+Entity.m in Sources */,
				9E8798DB1AB4B19D008658AB /* UIImage+Resize.m in Sources */,
				9E8798741AB49F87008658AB /* main.m in Sources */,
				9E8798D71AB4B19D008658AB /* NSManagedObject+Query.m in Sources */,
				9E8798E41AB4BA60008658AB /* RootSplitViewController.m in Sources */,
				9E87989F1AB4A4F0008658AB /* MenuViewController.m in Sources */,
				9E8798B51AB4AE4C008658AB /* Card.m in Sources */,
				9E8798D31AB4B19D008658AB /* NSObject+MKBlockAdditions.m in Sources */,
				9E8798A31AB4A548008658AB /* Model.xcdatamodeld in Sources */,
				9E8798DC1AB4B19D008658AB /* UIImage+RoundedCorner.m in Sources */,
				9E890D691AB4C5A4002F3AD5 /* PlayViewController.m in Sources */,
				9E8798AF1AB4ACD5008658AB /* Deck+Info.m in Sources */,
				9E8798B21AB4AE4B008658AB /* Deck.m in Sources */,
				9E8798DD1AB4B19D008658AB /* Util.m in Sources */,
				9E8798AC1AB4A95F008658AB /* EditDeckViewController.m in Sources */,
				9E8798DA1AB4B19D008658AB /* UIImage+Alpha.m in Sources */,
			);
			runOnlyForDeploymentPostprocessing = 0;
		};
		9E8798861AB49F87008658AB /* Sources */ = {
			isa = PBXSourcesBuildPhase;
			buildActionMask = 2147483647;
			files = (
				9E8798911AB49F87008658AB /* GuessTheWordTests.m in Sources */,
			);
			runOnlyForDeploymentPostprocessing = 0;
		};
/* End PBXSourcesBuildPhase section */

/* Begin PBXTargetDependency section */
		9E87988C1AB49F87008658AB /* PBXTargetDependency */ = {
			isa = PBXTargetDependency;
			target = 9E87986D1AB49F87008658AB /* GuessTheWord */;
			targetProxy = 9E87988B1AB49F87008658AB /* PBXContainerItemProxy */;
		};
/* End PBXTargetDependency section */

/* Begin PBXVariantGroup section */
		9E87987E1AB49F87008658AB /* Main.storyboard */ = {
			isa = PBXVariantGroup;
			children = (
				9E87987F1AB49F87008658AB /* Base */,
			);
			name = Main.storyboard;
			sourceTree = "<group>";
		};
		9E8798831AB49F87008658AB /* LaunchScreen.xib */ = {
			isa = PBXVariantGroup;
			children = (
				9E8798841AB49F87008658AB /* Base */,
			);
			name = LaunchScreen.xib;
			sourceTree = "<group>";
		};
/* End PBXVariantGroup section */

/* Begin XCBuildConfiguration section */
		9E8798921AB49F87008658AB /* Debug */ = {
			isa = XCBuildConfiguration;
			buildSettings = {
				ALWAYS_SEARCH_USER_PATHS = NO;
				CLANG_CXX_LANGUAGE_STANDARD = "gnu++0x";
				CLANG_CXX_LIBRARY = "libc++";
				CLANG_ENABLE_MODULES = YES;
				CLANG_ENABLE_OBJC_ARC = YES;
				CLANG_WARN_BOOL_CONVERSION = YES;
				CLANG_WARN_CONSTANT_CONVERSION = YES;
				CLANG_WARN_DIRECT_OBJC_ISA_USAGE = YES_ERROR;
				CLANG_WARN_EMPTY_BODY = YES;
				CLANG_WARN_ENUM_CONVERSION = YES;
				CLANG_WARN_INT_CONVERSION = YES;
				CLANG_WARN_OBJC_ROOT_CLASS = YES_ERROR;
				CLANG_WARN_UNREACHABLE_CODE = YES;
				CLANG_WARN__DUPLICATE_METHOD_MATCH = YES;
				"CODE_SIGN_IDENTITY[sdk=iphoneos*]" = "iPhone Developer";
				COPY_PHASE_STRIP = NO;
				ENABLE_STRICT_OBJC_MSGSEND = YES;
				GCC_C_LANGUAGE_STANDARD = gnu99;
				GCC_DYNAMIC_NO_PIC = NO;
				GCC_OPTIMIZATION_LEVEL = 0;
				GCC_PREPROCESSOR_DEFINITIONS = (
					"DEBUG=1",
					"$(inherited)",
				);
				GCC_SYMBOLS_PRIVATE_EXTERN = NO;
				GCC_WARN_64_TO_32_BIT_CONVERSION = YES;
				GCC_WARN_ABOUT_RETURN_TYPE = YES_ERROR;
				GCC_WARN_UNDECLARED_SELECTOR = YES;
				GCC_WARN_UNINITIALIZED_AUTOS = YES_AGGRESSIVE;
				GCC_WARN_UNUSED_FUNCTION = YES;
				GCC_WARN_UNUSED_VARIABLE = YES;
				IPHONEOS_DEPLOYMENT_TARGET = 8.1;
				MTL_ENABLE_DEBUG_INFO = YES;
				ONLY_ACTIVE_ARCH = YES;
				SDKROOT = iphoneos;
				TARGETED_DEVICE_FAMILY = "1,2";
			};
			name = Debug;
		};
		9E8798931AB49F87008658AB /* Release */ = {
			isa = XCBuildConfiguration;
			buildSettings = {
				ALWAYS_SEARCH_USER_PATHS = NO;
				CLANG_CXX_LANGUAGE_STANDARD = "gnu++0x";
				CLANG_CXX_LIBRARY = "libc++";
				CLANG_ENABLE_MODULES = YES;
				CLANG_ENABLE_OBJC_ARC = YES;
				CLANG_WARN_BOOL_CONVERSION = YES;
				CLANG_WARN_CONSTANT_CONVERSION = YES;
				CLANG_WARN_DIRECT_OBJC_ISA_USAGE = YES_ERROR;
				CLANG_WARN_EMPTY_BODY = YES;
				CLANG_WARN_ENUM_CONVERSION = YES;
				CLANG_WARN_INT_CONVERSION = YES;
				CLANG_WARN_OBJC_ROOT_CLASS = YES_ERROR;
				CLANG_WARN_UNREACHABLE_CODE = YES;
				CLANG_WARN__DUPLICATE_METHOD_MATCH = YES;
				"CODE_SIGN_IDENTITY[sdk=iphoneos*]" = "iPhone Developer";
				COPY_PHASE_STRIP = YES;
				ENABLE_NS_ASSERTIONS = NO;
				ENABLE_STRICT_OBJC_MSGSEND = YES;
				GCC_C_LANGUAGE_STANDARD = gnu99;
				GCC_WARN_64_TO_32_BIT_CONVERSION = YES;
				GCC_WARN_ABOUT_RETURN_TYPE = YES_ERROR;
				GCC_WARN_UNDECLARED_SELECTOR = YES;
				GCC_WARN_UNINITIALIZED_AUTOS = YES_AGGRESSIVE;
				GCC_WARN_UNUSED_FUNCTION = YES;
				GCC_WARN_UNUSED_VARIABLE = YES;
				IPHONEOS_DEPLOYMENT_TARGET = 8.1;
				MTL_ENABLE_DEBUG_INFO = NO;
				SDKROOT = iphoneos;
				TARGETED_DEVICE_FAMILY = "1,2";
				VALIDATE_PRODUCT = YES;
			};
			name = Release;
		};
		9E8798951AB49F87008658AB /* Debug */ = {
			isa = XCBuildConfiguration;
			buildSettings = {
				ASSETCATALOG_COMPILER_APPICON_NAME = AppIcon;
				GCC_PREFIX_HEADER = GuessTheWord/PrefixHeader.pch;
				INFOPLIST_FILE = GuessTheWord/Info.plist;
				IPHONEOS_DEPLOYMENT_TARGET = 8.1;
				LD_RUNPATH_SEARCH_PATHS = "$(inherited) @executable_path/Frameworks";
				PRODUCT_NAME = "$(TARGET_NAME)";
			};
			name = Debug;
		};
		9E8798961AB49F87008658AB /* Release */ = {
			isa = XCBuildConfiguration;
			buildSettings = {
				ASSETCATALOG_COMPILER_APPICON_NAME = AppIcon;
				GCC_PREFIX_HEADER = GuessTheWord/PrefixHeader.pch;
				INFOPLIST_FILE = GuessTheWord/Info.plist;
				IPHONEOS_DEPLOYMENT_TARGET = 8.1;
				LD_RUNPATH_SEARCH_PATHS = "$(inherited) @executable_path/Frameworks";
				PRODUCT_NAME = "$(TARGET_NAME)";
			};
			name = Release;
		};
		9E8798981AB49F87008658AB /* Debug */ = {
			isa = XCBuildConfiguration;
			buildSettings = {
				BUNDLE_LOADER = "$(TEST_HOST)";
				FRAMEWORK_SEARCH_PATHS = (
					"$(SDKROOT)/Developer/Library/Frameworks",
					"$(inherited)",
				);
				GCC_PREPROCESSOR_DEFINITIONS = (
					"DEBUG=1",
					"$(inherited)",
				);
				INFOPLIST_FILE = GuessTheWordTests/Info.plist;
				LD_RUNPATH_SEARCH_PATHS = "$(inherited) @executable_path/Frameworks @loader_path/Frameworks";
				PRODUCT_NAME = "$(TARGET_NAME)";
				TEST_HOST = "$(BUILT_PRODUCTS_DIR)/GuessTheWord.app/GuessTheWord";
			};
			name = Debug;
		};
		9E8798991AB49F87008658AB /* Release */ = {
			isa = XCBuildConfiguration;
			buildSettings = {
				BUNDLE_LOADER = "$(TEST_HOST)";
				FRAMEWORK_SEARCH_PATHS = (
					"$(SDKROOT)/Developer/Library/Frameworks",
					"$(inherited)",
				);
				INFOPLIST_FILE = GuessTheWordTests/Info.plist;
				LD_RUNPATH_SEARCH_PATHS = "$(inherited) @executable_path/Frameworks @loader_path/Frameworks";
				PRODUCT_NAME = "$(TARGET_NAME)";
				TEST_HOST = "$(BUILT_PRODUCTS_DIR)/GuessTheWord.app/GuessTheWord";
			};
			name = Release;
		};
/* End XCBuildConfiguration section */

/* Begin XCConfigurationList section */
		9E8798691AB49F87008658AB /* Build configuration list for PBXProject "GuessTheWord" */ = {
			isa = XCConfigurationList;
			buildConfigurations = (
				9E8798921AB49F87008658AB /* Debug */,
				9E8798931AB49F87008658AB /* Release */,
			);
			defaultConfigurationIsVisible = 0;
			defaultConfigurationName = Release;
		};
		9E8798941AB49F87008658AB /* Build configuration list for PBXNativeTarget "GuessTheWord" */ = {
			isa = XCConfigurationList;
			buildConfigurations = (
				9E8798951AB49F87008658AB /* Debug */,
				9E8798961AB49F87008658AB /* Release */,
			);
			defaultConfigurationIsVisible = 0;
			defaultConfigurationName = Release;
		};
		9E8798971AB49F87008658AB /* Build configuration list for PBXNativeTarget "GuessTheWordTests" */ = {
			isa = XCConfigurationList;
			buildConfigurations = (
				9E8798981AB49F87008658AB /* Debug */,
				9E8798991AB49F87008658AB /* Release */,
			);
			defaultConfigurationIsVisible = 0;
			defaultConfigurationName = Release;
		};
/* End XCConfigurationList section */

/* Begin XCVersionGroup section */
		9E8798A11AB4A548008658AB /* Model.xcdatamodeld */ = {
			isa = XCVersionGroup;
			children = (
				9E8798A21AB4A548008658AB /* Model.xcdatamodel */,
			);
			currentVersion = 9E8798A21AB4A548008658AB /* Model.xcdatamodel */;
			path = Model.xcdatamodeld;
			sourceTree = "<group>";
			versionGroupType = wrapper.xcdatamodel;
		};
/* End XCVersionGroup section */
	};
	rootObject = 9E8798661AB49F87008658AB /* Project object */;
}
